
Microsoft Visual Studio Solution File, Format Version 12.00
# Visual Studio 15
VisualStudioVersion = 15.0.27428.2015
MinimumVisualStudioVersion = 10.0.40219.1
Project("{9A19103F-16F7-4668-BE54-9A1E7A4F7556}") = "Droplet.Module", "src\Droplet.Module\Droplet.Module.csproj", "{898DC68C-8069-408D-B422-6C2C4738123E}"
EndProject
Project("{2150E333-8FDC-42A3-9474-1A3956D46DE8}") = "src", "src", "{7DAAF3BD-0FAB-42AE-99B4-EFD5D4430256}"
	ProjectSection(SolutionItems) = preProject
		src\Directory.Build.props = src\Directory.Build.props
	EndProjectSection
EndProject
Project("{2150E333-8FDC-42A3-9474-1A3956D46DE8}") = "test", "test", "{4B24B8AD-A125-4216-A969-45096FD4F938}"
EndProject
Project("{9A19103F-16F7-4668-BE54-9A1E7A4F7556}") = "Droplet.Module.Test", "test\Droplet.Module.Test\Droplet.Module.Test.csproj", "{F88F2250-327F-455B-9671-43443FAF0250}"
EndProject
Project("{9A19103F-16F7-4668-BE54-9A1E7A4F7556}") = "Droplet.Bootstrapper", "src\Droplet.Bootstrapper\Droplet.Bootstrapper.csproj", "{B041E438-7520-4892-8B82-9F8D3B458063}"
EndProject
Project("{9A19103F-16F7-4668-BE54-9A1E7A4F7556}") = "Droplet.AutoDI", "src\Droplet.AutoDI\Droplet.AutoDI.csproj", "{9C9AB0B3-2B24-4E07-A3D5-719E0526DCE0}"
EndProject
Project("{9A19103F-16F7-4668-BE54-9A1E7A4F7556}") = "Droplet.AutoDI.Dotnet", "src\Droplet.AutoDI.Dotnet\Droplet.AutoDI.Dotnet.csproj", "{8FF7554C-76F3-4338-80F0-0B354E5E66B6}"
EndProject
Project("{9A19103F-16F7-4668-BE54-9A1E7A4F7556}") = "Droplet.AutoDI.Test", "test\Droplet.AutoDI.Test\Droplet.AutoDI.Test.csproj", "{72418F7D-40E9-404A-80A2-D0750E514423}"
EndProject
Project("{9A19103F-16F7-4668-BE54-9A1E7A4F7556}") = "Droplet.AutoDI.Dotnet.Test", "test\Droplet.AutoDI.Dotnet.Test\Droplet.AutoDI.Dotnet.Test.csproj", "{AB25D9B8-0E3A-428B-8484-CB6DDF05109C}"
EndProject
Project("{9A19103F-16F7-4668-BE54-9A1E7A4F7556}") = "Droplet.Data", "src\Droplet.Data\Droplet.Data.csproj", "{0156286C-CAB4-413D-BA34-25A39418D84F}"
EndProject
Project("{9A19103F-16F7-4668-BE54-9A1E7A4F7556}") = "Droplet.Data.EntityFrameworkCore", "src\Droplet.Data.EntityFrameworkCore\Droplet.Data.EntityFrameworkCore.csproj", "{1138AD25-1F57-4A57-B98D-6D7320DBE111}"
EndProject
Project("{9A19103F-16F7-4668-BE54-9A1E7A4F7556}") = "Droplet.EventBus", "src\Droplet.EventBus\Droplet.EventBus.csproj", "{A932B8C3-CF38-41A2-936C-11AF91F6D69B}"
EndProject
Project("{9A19103F-16F7-4668-BE54-9A1E7A4F7556}") = "Droplet.EventBus.RabbitMQ", "src\Droplet.EventBus.RabbitMQ\Droplet.EventBus.RabbitMQ.csproj", "{D08CFCA4-1C79-48CD-A9B1-AD8159861D0C}"
EndProject
Project("{9A19103F-16F7-4668-BE54-9A1E7A4F7556}") = "Droplet.Data.EntityFrameworkCore.Test", "test\Droplet.Data.EntityFrameworkCore.Test\Droplet.Data.EntityFrameworkCore.Test.csproj", "{9AAF4C33-BC2B-4270-87C6-950B9FF44658}"
EndProject
Project("{9A19103F-16F7-4668-BE54-9A1E7A4F7556}") = "Droplet.Bootstrapper.Test", "test\Droplet.Bootstrapper.Test\Droplet.Bootstrapper.Test.csproj", "{15381156-7E2A-40CB-81B2-FAE30157C790}"
EndProject
Project("{9A19103F-16F7-4668-BE54-9A1E7A4F7556}") = "Droplet.Utility", "src\Droplet.Utility\Droplet.Utility.csproj", "{970E4A20-FFF4-46D9-8C3A-A5BD6A98A5AB}"
EndProject
Project("{9A19103F-16F7-4668-BE54-9A1E7A4F7556}") = "Droplet.GrpcHost", "src\Droplet.GrpcHost\Droplet.GrpcHost.csproj", "{EE3C9D3E-590F-426E-98FC-ED2DBF2F3B41}"
EndProject
Project("{9A19103F-16F7-4668-BE54-9A1E7A4F7556}") = "Droplet.Discovery", "src\Droplet.Discovery\Droplet.Discovery.csproj", "{AB005DB5-CC73-4462-AEC0-58F60F40FA8B}"
EndProject
Project("{9A19103F-16F7-4668-BE54-9A1E7A4F7556}") = "Droplet.Discovery.Consul", "src\Droplet.Discovery.Consul\Droplet.Discovery.Consul.csproj", "{12F6A5FB-63B0-460F-B5B3-DD1A96ED1E16}"
EndProject
Project("{9A19103F-16F7-4668-BE54-9A1E7A4F7556}") = "Droplet.ServiceProxy.Grpc", "src\Droplet.ServiceProxy.Grpc\Droplet.ServiceProxy.Grpc.csproj", "{0312B4E5-16B6-4B5B-88EB-3EBDCEA32C4B}"
EndProject
Project("{9A19103F-16F7-4668-BE54-9A1E7A4F7556}") = "Droplet.Discovery.Test", "test\Droplet.Discovery.Test\Droplet.Discovery.Test.csproj", "{096AB5BA-D271-47C1-AB69-A53E43947CB3}"
EndProject
Project("{2150E333-8FDC-42A3-9474-1A3956D46DE8}") = "sample", "sample", "{845A7458-BF63-4C27-B073-876ED0497249}"
EndProject
Project("{2150E333-8FDC-42A3-9474-1A3956D46DE8}") = "grpc", "grpc", "{3EF53912-B551-4EC4-A517-1CF5437C90EA}"
EndProject
Project("{9A19103F-16F7-4668-BE54-9A1E7A4F7556}") = "Client", "sample\grpc\Client\Client.csproj", "{A60FE513-401E-4F41-A884-DE7840446EAE}"
EndProject
Project("{9A19103F-16F7-4668-BE54-9A1E7A4F7556}") = "Contracts", "sample\grpc\Contracts\Contracts.csproj", "{8C0A98F2-1887-42B5-9417-8C9E1E1593F0}"
EndProject
Project("{9A19103F-16F7-4668-BE54-9A1E7A4F7556}") = "Server", "sample\grpc\Server\Server.csproj", "{06A43712-7F80-46C5-B05C-E9FA04E3DED8}"
EndProject
Global
	GlobalSection(SolutionConfigurationPlatforms) = preSolution
		Debug|Any CPU = Debug|Any CPU
		Release|Any CPU = Release|Any CPU
	EndGlobalSection
	GlobalSection(ProjectConfigurationPlatforms) = postSolution
		{898DC68C-8069-408D-B422-6C2C4738123E}.Debug|Any CPU.ActiveCfg = Debug|Any CPU
		{898DC68C-8069-408D-B422-6C2C4738123E}.Debug|Any CPU.Build.0 = Debug|Any CPU
		{898DC68C-8069-408D-B422-6C2C4738123E}.Release|Any CPU.ActiveCfg = Release|Any CPU
		{898DC68C-8069-408D-B422-6C2C4738123E}.Release|Any CPU.Build.0 = Release|Any CPU
		{F88F2250-327F-455B-9671-43443FAF0250}.Debug|Any CPU.ActiveCfg = Debug|Any CPU
		{F88F2250-327F-455B-9671-43443FAF0250}.Debug|Any CPU.Build.0 = Debug|Any CPU
		{F88F2250-327F-455B-9671-43443FAF0250}.Release|Any CPU.ActiveCfg = Release|Any CPU
		{F88F2250-327F-455B-9671-43443FAF0250}.Release|Any CPU.Build.0 = Release|Any CPU
		{B041E438-7520-4892-8B82-9F8D3B458063}.Debug|Any CPU.ActiveCfg = Debug|Any CPU
		{B041E438-7520-4892-8B82-9F8D3B458063}.Debug|Any CPU.Build.0 = Debug|Any CPU
		{B041E438-7520-4892-8B82-9F8D3B458063}.Release|Any CPU.ActiveCfg = Release|Any CPU
		{B041E438-7520-4892-8B82-9F8D3B458063}.Release|Any CPU.Build.0 = Release|Any CPU
		{9C9AB0B3-2B24-4E07-A3D5-719E0526DCE0}.Debug|Any CPU.ActiveCfg = Debug|Any CPU
		{9C9AB0B3-2B24-4E07-A3D5-719E0526DCE0}.Debug|Any CPU.Build.0 = Debug|Any CPU
		{9C9AB0B3-2B24-4E07-A3D5-719E0526DCE0}.Release|Any CPU.ActiveCfg = Release|Any CPU
		{9C9AB0B3-2B24-4E07-A3D5-719E0526DCE0}.Release|Any CPU.Build.0 = Release|Any CPU
		{8FF7554C-76F3-4338-80F0-0B354E5E66B6}.Debug|Any CPU.ActiveCfg = Debug|Any CPU
		{8FF7554C-76F3-4338-80F0-0B354E5E66B6}.Debug|Any CPU.Build.0 = Debug|Any CPU
		{8FF7554C-76F3-4338-80F0-0B354E5E66B6}.Release|Any CPU.ActiveCfg = Release|Any CPU
		{8FF7554C-76F3-4338-80F0-0B354E5E66B6}.Release|Any CPU.Build.0 = Release|Any CPU
		{72418F7D-40E9-404A-80A2-D0750E514423}.Debug|Any CPU.ActiveCfg = Debug|Any CPU
		{72418F7D-40E9-404A-80A2-D0750E514423}.Debug|Any CPU.Build.0 = Debug|Any CPU
		{72418F7D-40E9-404A-80A2-D0750E514423}.Release|Any CPU.ActiveCfg = Release|Any CPU
		{72418F7D-40E9-404A-80A2-D0750E514423}.Release|Any CPU.Build.0 = Release|Any CPU
		{AB25D9B8-0E3A-428B-8484-CB6DDF05109C}.Debug|Any CPU.ActiveCfg = Debug|Any CPU
		{AB25D9B8-0E3A-428B-8484-CB6DDF05109C}.Debug|Any CPU.Build.0 = Debug|Any CPU
		{AB25D9B8-0E3A-428B-8484-CB6DDF05109C}.Release|Any CPU.ActiveCfg = Release|Any CPU
		{AB25D9B8-0E3A-428B-8484-CB6DDF05109C}.Release|Any CPU.Build.0 = Release|Any CPU
		{0156286C-CAB4-413D-BA34-25A39418D84F}.Debug|Any CPU.ActiveCfg = Debug|Any CPU
		{0156286C-CAB4-413D-BA34-25A39418D84F}.Debug|Any CPU.Build.0 = Debug|Any CPU
		{0156286C-CAB4-413D-BA34-25A39418D84F}.Release|Any CPU.ActiveCfg = Release|Any CPU
		{0156286C-CAB4-413D-BA34-25A39418D84F}.Release|Any CPU.Build.0 = Release|Any CPU
		{1138AD25-1F57-4A57-B98D-6D7320DBE111}.Debug|Any CPU.ActiveCfg = Debug|Any CPU
		{1138AD25-1F57-4A57-B98D-6D7320DBE111}.Debug|Any CPU.Build.0 = Debug|Any CPU
		{1138AD25-1F57-4A57-B98D-6D7320DBE111}.Release|Any CPU.ActiveCfg = Release|Any CPU
		{1138AD25-1F57-4A57-B98D-6D7320DBE111}.Release|Any CPU.Build.0 = Release|Any CPU
		{A932B8C3-CF38-41A2-936C-11AF91F6D69B}.Debug|Any CPU.ActiveCfg = Debug|Any CPU
		{A932B8C3-CF38-41A2-936C-11AF91F6D69B}.Debug|Any CPU.Build.0 = Debug|Any CPU
		{A932B8C3-CF38-41A2-936C-11AF91F6D69B}.Release|Any CPU.ActiveCfg = Release|Any CPU
		{A932B8C3-CF38-41A2-936C-11AF91F6D69B}.Release|Any CPU.Build.0 = Release|Any CPU
		{D08CFCA4-1C79-48CD-A9B1-AD8159861D0C}.Debug|Any CPU.ActiveCfg = Debug|Any CPU
		{D08CFCA4-1C79-48CD-A9B1-AD8159861D0C}.Debug|Any CPU.Build.0 = Debug|Any CPU
		{D08CFCA4-1C79-48CD-A9B1-AD8159861D0C}.Release|Any CPU.ActiveCfg = Release|Any CPU
		{D08CFCA4-1C79-48CD-A9B1-AD8159861D0C}.Release|Any CPU.Build.0 = Release|Any CPU
		{9AAF4C33-BC2B-4270-87C6-950B9FF44658}.Debug|Any CPU.ActiveCfg = Debug|Any CPU
		{9AAF4C33-BC2B-4270-87C6-950B9FF44658}.Debug|Any CPU.Build.0 = Debug|Any CPU
		{9AAF4C33-BC2B-4270-87C6-950B9FF44658}.Release|Any CPU.ActiveCfg = Release|Any CPU
		{9AAF4C33-BC2B-4270-87C6-950B9FF44658}.Release|Any CPU.Build.0 = Release|Any CPU
		{15381156-7E2A-40CB-81B2-FAE30157C790}.Debug|Any CPU.ActiveCfg = Debug|Any CPU
		{15381156-7E2A-40CB-81B2-FAE30157C790}.Debug|Any CPU.Build.0 = Debug|Any CPU
		{15381156-7E2A-40CB-81B2-FAE30157C790}.Release|Any CPU.ActiveCfg = Release|Any CPU
		{15381156-7E2A-40CB-81B2-FAE30157C790}.Release|Any CPU.Build.0 = Release|Any CPU
		{970E4A20-FFF4-46D9-8C3A-A5BD6A98A5AB}.Debug|Any CPU.ActiveCfg = Debug|Any CPU
		{970E4A20-FFF4-46D9-8C3A-A5BD6A98A5AB}.Debug|Any CPU.Build.0 = Debug|Any CPU
		{970E4A20-FFF4-46D9-8C3A-A5BD6A98A5AB}.Release|Any CPU.ActiveCfg = Release|Any CPU
		{970E4A20-FFF4-46D9-8C3A-A5BD6A98A5AB}.Release|Any CPU.Build.0 = Release|Any CPU
		{EE3C9D3E-590F-426E-98FC-ED2DBF2F3B41}.Debug|Any CPU.ActiveCfg = Debug|Any CPU
		{EE3C9D3E-590F-426E-98FC-ED2DBF2F3B41}.Debug|Any CPU.Build.0 = Debug|Any CPU
		{EE3C9D3E-590F-426E-98FC-ED2DBF2F3B41}.Release|Any CPU.ActiveCfg = Release|Any CPU
		{EE3C9D3E-590F-426E-98FC-ED2DBF2F3B41}.Release|Any CPU.Build.0 = Release|Any CPU
		{AB005DB5-CC73-4462-AEC0-58F60F40FA8B}.Debug|Any CPU.ActiveCfg = Debug|Any CPU
		{AB005DB5-CC73-4462-AEC0-58F60F40FA8B}.Debug|Any CPU.Build.0 = Debug|Any CPU
		{AB005DB5-CC73-4462-AEC0-58F60F40FA8B}.Release|Any CPU.ActiveCfg = Release|Any CPU
		{AB005DB5-CC73-4462-AEC0-58F60F40FA8B}.Release|Any CPU.Build.0 = Release|Any CPU
		{12F6A5FB-63B0-460F-B5B3-DD1A96ED1E16}.Debug|Any CPU.ActiveCfg = Debug|Any CPU
		{12F6A5FB-63B0-460F-B5B3-DD1A96ED1E16}.Debug|Any CPU.Build.0 = Debug|Any CPU
		{12F6A5FB-63B0-460F-B5B3-DD1A96ED1E16}.Release|Any CPU.ActiveCfg = Release|Any CPU
		{12F6A5FB-63B0-460F-B5B3-DD1A96ED1E16}.Release|Any CPU.Build.0 = Release|Any CPU
		{0312B4E5-16B6-4B5B-88EB-3EBDCEA32C4B}.Debug|Any CPU.ActiveCfg = Debug|Any CPU
		{0312B4E5-16B6-4B5B-88EB-3EBDCEA32C4B}.Debug|Any CPU.Build.0 = Debug|Any CPU
		{0312B4E5-16B6-4B5B-88EB-3EBDCEA32C4B}.Release|Any CPU.ActiveCfg = Release|Any CPU
		{0312B4E5-16B6-4B5B-88EB-3EBDCEA32C4B}.Release|Any CPU.Build.0 = Release|Any CPU
		{096AB5BA-D271-47C1-AB69-A53E43947CB3}.Debug|Any CPU.ActiveCfg = Debug|Any CPU
		{096AB5BA-D271-47C1-AB69-A53E43947CB3}.Debug|Any CPU.Build.0 = Debug|Any CPU
		{096AB5BA-D271-47C1-AB69-A53E43947CB3}.Release|Any CPU.ActiveCfg = Release|Any CPU
		{096AB5BA-D271-47C1-AB69-A53E43947CB3}.Release|Any CPU.Build.0 = Release|Any CPU
		{A60FE513-401E-4F41-A884-DE7840446EAE}.Debug|Any CPU.ActiveCfg = Debug|Any CPU
		{A60FE513-401E-4F41-A884-DE7840446EAE}.Debug|Any CPU.Build.0 = Debug|Any CPU
		{A60FE513-401E-4F41-A884-DE7840446EAE}.Release|Any CPU.ActiveCfg = Release|Any CPU
		{A60FE513-401E-4F41-A884-DE7840446EAE}.Release|Any CPU.Build.0 = Release|Any CPU
		{8C0A98F2-1887-42B5-9417-8C9E1E1593F0}.Debug|Any CPU.ActiveCfg = Debug|Any CPU
		{8C0A98F2-1887-42B5-9417-8C9E1E1593F0}.Debug|Any CPU.Build.0 = Debug|Any CPU
		{8C0A98F2-1887-42B5-9417-8C9E1E1593F0}.Release|Any CPU.ActiveCfg = Release|Any CPU
		{8C0A98F2-1887-42B5-9417-8C9E1E1593F0}.Release|Any CPU.Build.0 = Release|Any CPU
		{06A43712-7F80-46C5-B05C-E9FA04E3DED8}.Debug|Any CPU.ActiveCfg = Debug|Any CPU
		{06A43712-7F80-46C5-B05C-E9FA04E3DED8}.Debug|Any CPU.Build.0 = Debug|Any CPU
		{06A43712-7F80-46C5-B05C-E9FA04E3DED8}.Release|Any CPU.ActiveCfg = Release|Any CPU
		{06A43712-7F80-46C5-B05C-E9FA04E3DED8}.Release|Any CPU.Build.0 = Release|Any CPU
	EndGlobalSection
	GlobalSection(SolutionProperties) = preSolution
		HideSolutionNode = FALSE
	EndGlobalSection
	GlobalSection(NestedProjects) = preSolution
		{898DC68C-8069-408D-B422-6C2C4738123E} = {7DAAF3BD-0FAB-42AE-99B4-EFD5D4430256}
		{F88F2250-327F-455B-9671-43443FAF0250} = {4B24B8AD-A125-4216-A969-45096FD4F938}
		{B041E438-7520-4892-8B82-9F8D3B458063} = {7DAAF3BD-0FAB-42AE-99B4-EFD5D4430256}
		{9C9AB0B3-2B24-4E07-A3D5-719E0526DCE0} = {7DAAF3BD-0FAB-42AE-99B4-EFD5D4430256}
		{8FF7554C-76F3-4338-80F0-0B354E5E66B6} = {7DAAF3BD-0FAB-42AE-99B4-EFD5D4430256}
		{72418F7D-40E9-404A-80A2-D0750E514423} = {4B24B8AD-A125-4216-A969-45096FD4F938}
		{AB25D9B8-0E3A-428B-8484-CB6DDF05109C} = {4B24B8AD-A125-4216-A969-45096FD4F938}
		{0156286C-CAB4-413D-BA34-25A39418D84F} = {7DAAF3BD-0FAB-42AE-99B4-EFD5D4430256}
		{1138AD25-1F57-4A57-B98D-6D7320DBE111} = {7DAAF3BD-0FAB-42AE-99B4-EFD5D4430256}
		{A932B8C3-CF38-41A2-936C-11AF91F6D69B} = {7DAAF3BD-0FAB-42AE-99B4-EFD5D4430256}
		{D08CFCA4-1C79-48CD-A9B1-AD8159861D0C} = {7DAAF3BD-0FAB-42AE-99B4-EFD5D4430256}
		{9AAF4C33-BC2B-4270-87C6-950B9FF44658} = {4B24B8AD-A125-4216-A969-45096FD4F938}
		{15381156-7E2A-40CB-81B2-FAE30157C790} = {4B24B8AD-A125-4216-A969-45096FD4F938}
		{970E4A20-FFF4-46D9-8C3A-A5BD6A98A5AB} = {7DAAF3BD-0FAB-42AE-99B4-EFD5D4430256}
		{EE3C9D3E-590F-426E-98FC-ED2DBF2F3B41} = {7DAAF3BD-0FAB-42AE-99B4-EFD5D4430256}
		{AB005DB5-CC73-4462-AEC0-58F60F40FA8B} = {7DAAF3BD-0FAB-42AE-99B4-EFD5D4430256}
		{12F6A5FB-63B0-460F-B5B3-DD1A96ED1E16} = {7DAAF3BD-0FAB-42AE-99B4-EFD5D4430256}
		{0312B4E5-16B6-4B5B-88EB-3EBDCEA32C4B} = {7DAAF3BD-0FAB-42AE-99B4-EFD5D4430256}
		{096AB5BA-D271-47C1-AB69-A53E43947CB3} = {4B24B8AD-A125-4216-A969-45096FD4F938}
		{3EF53912-B551-4EC4-A517-1CF5437C90EA} = {845A7458-BF63-4C27-B073-876ED0497249}
		{A60FE513-401E-4F41-A884-DE7840446EAE} = {3EF53912-B551-4EC4-A517-1CF5437C90EA}
		{8C0A98F2-1887-42B5-9417-8C9E1E1593F0} = {3EF53912-B551-4EC4-A517-1CF5437C90EA}
		{06A43712-7F80-46C5-B05C-E9FA04E3DED8} = {3EF53912-B551-4EC4-A517-1CF5437C90EA}
	EndGlobalSection
	GlobalSection(ExtensibilityGlobals) = postSolution
		SolutionGuid = {A0B70B61-25A0-4288-89BF-A5F6889D8128}
	EndGlobalSection
EndGlobal
